
Microsoft Visual Studio Solution File, Format Version 12.00
# Visual Studio Version 17
VisualStudioVersion = 17.8.34511.84
MinimumVisualStudioVersion = 10.0.40219.1
Project("{FAE04EC0-301F-11D3-BF4B-00C04F79EFBC}") = "OpenCvTest", "OpenCvTest.csproj", "{A766B62C-39F3-4B6D-8911-3F5F03250C95}"
EndProject
Global
	GlobalSection(SolutionConfigurationPlatforms) = preSolution
		Debug|Any CPU = Debug|Any CPU
		Release|Any CPU = Release|Any CPU
	EndGlobalSection
	GlobalSection(ProjectConfigurationPlatforms) = postSolution
		{A766B62C-39F3-4B6D-8911-3F5F03250C95}.Debug|Any CPU.ActiveCfg = Debug|Any CPU
		{A766B62C-39F3-4B6D-8911-3F5F03250C95}.Debug|Any CPU.Build.0 = Debug|Any CPU
		{A766B62C-39F3-4B6D-8911-3F5F03250C95}.Release|Any CPU.ActiveCfg = Release|Any CPU
		{A766B62C-39F3-4B6D-8911-3F5F03250C95}.Release|Any CPU.Build.0 = Release|Any CPU
	EndGlobalSection
	GlobalSection(SolutionProperties) = preSolution
		HideSolutionNode = FALSE
	EndGlobalSection
	GlobalSection(ExtensibilityGlobals) = postSolution
		SolutionGuid = {0AAB7130-F077-456D-9478-88E35442927E}
	EndGlobalSection
EndGlobal
